
Microsoft Visual Studio Solution File, Format Version 12.00
# Visual Studio Version 16
VisualStudioVersion = 16.0.30011.22
MinimumVisualStudioVersion = 10.0.40219.1
Project("{FAE04EC0-301F-11D3-BF4B-00C04F79EFBC}") = "StripeDemo", "StripeDemo\StripeDemo.csproj", "{8214234F-E10A-4FDB-9921-59F5B119F5EB}"
EndProject
Project("{2150E333-8FDC-42A3-9474-1A3956D46DE8}") = "Solution Items", "Solution Items", "{F09A3B50-C54B-4807-8B09-EB50E8D4B3D9}"
	ProjectSection(SolutionItems) = preProject
		.gitignore = .gitignore
	EndProjectSection
EndProject
Global
	GlobalSection(SolutionConfigurationPlatforms) = preSolution
		Debug|Any CPU = Debug|Any CPU
		Release|Any CPU = Release|Any CPU
	EndGlobalSection
	GlobalSection(ProjectConfigurationPlatforms) = postSolution
		{8214234F-E10A-4FDB-9921-59F5B119F5EB}.Debug|Any CPU.ActiveCfg = Debug|Any CPU
		{8214234F-E10A-4FDB-9921-59F5B119F5EB}.Debug|Any CPU.Build.0 = Debug|Any CPU
		{8214234F-E10A-4FDB-9921-59F5B119F5EB}.Release|Any CPU.ActiveCfg = Release|Any CPU
		{8214234F-E10A-4FDB-9921-59F5B119F5EB}.Release|Any CPU.Build.0 = Release|Any CPU
	EndGlobalSection
	GlobalSection(SolutionProperties) = preSolution
		HideSolutionNode = FALSE
	EndGlobalSection
	GlobalSection(ExtensibilityGlobals) = postSolution
		SolutionGuid = {2B65DDFC-98AC-4E52-832D-5D64E4883A21}
	EndGlobalSection
EndGlobal
